
Microsoft Visual Studio Solution File, Format Version 12.00
# Visual Studio Version 16
VisualStudioVersion = 16.0.29519.87
MinimumVisualStudioVersion = 10.0.40219.1
Project("{FAE04EC0-301F-11D3-BF4B-00C04F79EFBC}") = "GameBox", "GameBox\GameBox.csproj", "{CCD20557-25CE-4893-8F22-A9CC0363213A}"
EndProject
Global
	GlobalSection(SolutionConfigurationPlatforms) = preSolution
		Debug|ARM = Debug|ARM
		Debug|ARM64 = Debug|ARM64
		Debug|x64 = Debug|x64
		Debug|x86 = Debug|x86
		Release|ARM = Release|ARM
		Release|ARM64 = Release|ARM64
		Release|x64 = Release|x64
		Release|x86 = Release|x86
	EndGlobalSection
	GlobalSection(ProjectConfigurationPlatforms) = postSolution
		{CCD20557-25CE-4893-8F22-A9CC0363213A}.Debug|ARM.ActiveCfg = Debug|ARM
		{CCD20557-25CE-4893-8F22-A9CC0363213A}.Debug|ARM.Build.0 = Debug|ARM
		{CCD20557-25CE-4893-8F22-A9CC0363213A}.Debug|ARM.Deploy.0 = Debug|ARM
		{CCD20557-25CE-4893-8F22-A9CC0363213A}.Debug|ARM64.ActiveCfg = Debug|ARM64
		{CCD20557-25CE-4893-8F22-A9CC0363213A}.Debug|ARM64.Build.0 = Debug|ARM64
		{CCD20557-25CE-4893-8F22-A9CC0363213A}.Debug|ARM64.Deploy.0 = Debug|ARM64
		{CCD20557-25CE-4893-8F22-A9CC0363213A}.Debug|x64.ActiveCfg = Debug|x64
		{CCD20557-25CE-4893-8F22-A9CC0363213A}.Debug|x64.Build.0 = Debug|x64
		{CCD20557-25CE-4893-8F22-A9CC0363213A}.Debug|x64.Deploy.0 = Debug|x64
		{CCD20557-25CE-4893-8F22-A9CC0363213A}.Debug|x86.ActiveCfg = Debug|x86
		{CCD20557-25CE-4893-8F22-A9CC0363213A}.Debug|x86.Build.0 = Debug|x86
		{CCD20557-25CE-4893-8F22-A9CC0363213A}.Debug|x86.Deploy.0 = Debug|x86
		{CCD20557-25CE-4893-8F22-A9CC0363213A}.Release|ARM.ActiveCfg = Release|ARM
		{CCD20557-25CE-4893-8F22-A9CC0363213A}.Release|ARM.Build.0 = Release|ARM
		{CCD20557-25CE-4893-8F22-A9CC0363213A}.Release|ARM.Deploy.0 = Release|ARM
		{CCD20557-25CE-4893-8F22-A9CC0363213A}.Release|ARM64.ActiveCfg = Release|ARM64
		{CCD20557-25CE-4893-8F22-A9CC0363213A}.Release|ARM64.Build.0 = Release|ARM64
		{CCD20557-25CE-4893-8F22-A9CC0363213A}.Release|ARM64.Deploy.0 = Release|ARM64
		{CCD20557-25CE-4893-8F22-A9CC0363213A}.Release|x64.ActiveCfg = Release|x64
		{CCD20557-25CE-4893-8F22-A9CC0363213A}.Release|x64.Build.0 = Release|x64
		{CCD20557-25CE-4893-8F22-A9CC0363213A}.Release|x64.Deploy.0 = Release|x64
		{CCD20557-25CE-4893-8F22-A9CC0363213A}.Release|x86.ActiveCfg = Release|x86
		{CCD20557-25CE-4893-8F22-A9CC0363213A}.Release|x86.Build.0 = Release|x86
		{CCD20557-25CE-4893-8F22-A9CC0363213A}.Release|x86.Deploy.0 = Release|x86
	EndGlobalSection
	GlobalSection(SolutionProperties) = preSolution
		HideSolutionNode = FALSE
	EndGlobalSection
	GlobalSection(ExtensibilityGlobals) = postSolution
		SolutionGuid = {9F19AACB-D551-4EB9-992F-A2DFB48AC192}
	EndGlobalSection
EndGlobal
